
Microsoft Visual Studio Solution File, Format Version 12.00
# Visual Studio Version 17
VisualStudioVersion = 17.1.32328.378
MinimumVisualStudioVersion = 10.0.40219.1
Project("{FAE04EC0-301F-11D3-BF4B-00C04F79EFBC}") = "registration form", "registration form.csproj", "{8B9AFF29-2B22-460A-A377-599CB482337A}"
EndProject
Global
	GlobalSection(SolutionConfigurationPlatforms) = preSolution
		Debug|Any CPU = Debug|Any CPU
		Release|Any CPU = Release|Any CPU
	EndGlobalSection
	GlobalSection(ProjectConfigurationPlatforms) = postSolution
		{8B9AFF29-2B22-460A-A377-599CB482337A}.Debug|Any CPU.ActiveCfg = Debug|Any CPU
		{8B9AFF29-2B22-460A-A377-599CB482337A}.Debug|Any CPU.Build.0 = Debug|Any CPU
		{8B9AFF29-2B22-460A-A377-599CB482337A}.Release|Any CPU.ActiveCfg = Release|Any CPU
		{8B9AFF29-2B22-460A-A377-599CB482337A}.Release|Any CPU.Build.0 = Release|Any CPU
	EndGlobalSection
	GlobalSection(SolutionProperties) = preSolution
		HideSolutionNode = FALSE
	EndGlobalSection
	GlobalSection(ExtensibilityGlobals) = postSolution
		SolutionGuid = {24E8C411-50B9-4E30-9B2B-2B400CC4CE07}
	EndGlobalSection
EndGlobal
